
Microsoft Visual Studio Solution File, Format Version 12.00
# Visual Studio 15
VisualStudioVersion = 15.0.28010.2046
MinimumVisualStudioVersion = 10.0.40219.1
Project("{FAE04EC0-301F-11D3-BF4B-00C04F79EFBC}") = "TicTacToe", "TicTacToe\TicTacToe.csproj", "{75DEF6F8-9709-4F5A-95BF-A35FDB8E8F9C}"
EndProject
Project("{FAE04EC0-301F-11D3-BF4B-00C04F79EFBC}") = "TicTacToeUnitTest", "TicTacToeUnitTest\TicTacToeUnitTest.csproj", "{546ACD98-6780-47AE-A7D2-C508D68F9185}"
EndProject
Project("{FAE04EC0-301F-11D3-BF4B-00C04F79EFBC}") = "LibTicTacToe", "LibTicTacToe\LibTicTacToe.csproj", "{2CF52905-BFAC-4087-A58B-F34B850A376E}"
EndProject
Project("{FAE04EC0-301F-11D3-BF4B-00C04F79EFBC}") = "TicTacToeAITournament", "TicTacToeAITournament\TicTacToeAITournament.csproj", "{BC7C24CE-DD0F-4D6E-8C00-B910BB2CD7A5}"
EndProject
Project("{FAE04EC0-301F-11D3-BF4B-00C04F79EFBC}") = "TicTacToeGUI-WF", "TicTacToeGUI-WF\TicTacToeGUI-WF.csproj", "{7288E463-3FD5-436D-A1F3-FEF830DDDEC2}"
EndProject
Global
	GlobalSection(SolutionConfigurationPlatforms) = preSolution
		Debug|Any CPU = Debug|Any CPU
		Release|Any CPU = Release|Any CPU
	EndGlobalSection
	GlobalSection(ProjectConfigurationPlatforms) = postSolution
		{75DEF6F8-9709-4F5A-95BF-A35FDB8E8F9C}.Debug|Any CPU.ActiveCfg = Debug|Any CPU
		{75DEF6F8-9709-4F5A-95BF-A35FDB8E8F9C}.Debug|Any CPU.Build.0 = Debug|Any CPU
		{75DEF6F8-9709-4F5A-95BF-A35FDB8E8F9C}.Release|Any CPU.ActiveCfg = Release|Any CPU
		{75DEF6F8-9709-4F5A-95BF-A35FDB8E8F9C}.Release|Any CPU.Build.0 = Release|Any CPU
		{546ACD98-6780-47AE-A7D2-C508D68F9185}.Debug|Any CPU.ActiveCfg = Debug|Any CPU
		{546ACD98-6780-47AE-A7D2-C508D68F9185}.Debug|Any CPU.Build.0 = Debug|Any CPU
		{546ACD98-6780-47AE-A7D2-C508D68F9185}.Release|Any CPU.ActiveCfg = Release|Any CPU
		{546ACD98-6780-47AE-A7D2-C508D68F9185}.Release|Any CPU.Build.0 = Release|Any CPU
		{2CF52905-BFAC-4087-A58B-F34B850A376E}.Debug|Any CPU.ActiveCfg = Debug|Any CPU
		{2CF52905-BFAC-4087-A58B-F34B850A376E}.Debug|Any CPU.Build.0 = Debug|Any CPU
		{2CF52905-BFAC-4087-A58B-F34B850A376E}.Release|Any CPU.ActiveCfg = Release|Any CPU
		{2CF52905-BFAC-4087-A58B-F34B850A376E}.Release|Any CPU.Build.0 = Release|Any CPU
		{BC7C24CE-DD0F-4D6E-8C00-B910BB2CD7A5}.Debug|Any CPU.ActiveCfg = Debug|Any CPU
		{BC7C24CE-DD0F-4D6E-8C00-B910BB2CD7A5}.Debug|Any CPU.Build.0 = Debug|Any CPU
		{BC7C24CE-DD0F-4D6E-8C00-B910BB2CD7A5}.Release|Any CPU.ActiveCfg = Release|Any CPU
		{BC7C24CE-DD0F-4D6E-8C00-B910BB2CD7A5}.Release|Any CPU.Build.0 = Release|Any CPU
		{7288E463-3FD5-436D-A1F3-FEF830DDDEC2}.Debug|Any CPU.ActiveCfg = Debug|Any CPU
		{7288E463-3FD5-436D-A1F3-FEF830DDDEC2}.Debug|Any CPU.Build.0 = Debug|Any CPU
		{7288E463-3FD5-436D-A1F3-FEF830DDDEC2}.Release|Any CPU.ActiveCfg = Release|Any CPU
		{7288E463-3FD5-436D-A1F3-FEF830DDDEC2}.Release|Any CPU.Build.0 = Release|Any CPU
	EndGlobalSection
	GlobalSection(SolutionProperties) = preSolution
		HideSolutionNode = FALSE
	EndGlobalSection
	GlobalSection(ExtensibilityGlobals) = postSolution
		SolutionGuid = {BEAB309D-47FE-42EC-B24A-BF348C654FFF}
	EndGlobalSection
EndGlobal
