
Microsoft Visual Studio Solution File, Format Version 12.00
# Visual Studio Version 16
VisualStudioVersion = 16.0.29209.62
MinimumVisualStudioVersion = 10.0.40219.1
Project("{FAE04EC0-301F-11D3-BF4B-00C04F79EFBC}") = "TicTacToe", "TicTacToe\TicTacToe.csproj", "{75DEF6F8-9709-4F5A-95BF-A35FDB8E8F9C}"
EndProject
Project("{FAE04EC0-301F-11D3-BF4B-00C04F79EFBC}") = "TicTacToeUnitTest", "TicTacToeUnitTest\TicTacToeUnitTest.csproj", "{546ACD98-6780-47AE-A7D2-C508D68F9185}"
EndProject
Project("{FAE04EC0-301F-11D3-BF4B-00C04F79EFBC}") = "TicTacToeWithGUI MNTT", "TicTacToeWithGUI\TicTacToeWithGUI MNTT.csproj", "{AA22E335-C830-44AE-98A5-B25806D63D0E}"
EndProject
Global
	GlobalSection(SolutionConfigurationPlatforms) = preSolution
		Debug|Any CPU = Debug|Any CPU
		Release|Any CPU = Release|Any CPU
	EndGlobalSection
	GlobalSection(ProjectConfigurationPlatforms) = postSolution
		{75DEF6F8-9709-4F5A-95BF-A35FDB8E8F9C}.Debug|Any CPU.ActiveCfg = Debug|Any CPU
		{75DEF6F8-9709-4F5A-95BF-A35FDB8E8F9C}.Debug|Any CPU.Build.0 = Debug|Any CPU
		{75DEF6F8-9709-4F5A-95BF-A35FDB8E8F9C}.Release|Any CPU.ActiveCfg = Release|Any CPU
		{75DEF6F8-9709-4F5A-95BF-A35FDB8E8F9C}.Release|Any CPU.Build.0 = Release|Any CPU
		{546ACD98-6780-47AE-A7D2-C508D68F9185}.Debug|Any CPU.ActiveCfg = Debug|Any CPU
		{546ACD98-6780-47AE-A7D2-C508D68F9185}.Debug|Any CPU.Build.0 = Debug|Any CPU
		{546ACD98-6780-47AE-A7D2-C508D68F9185}.Release|Any CPU.ActiveCfg = Release|Any CPU
		{546ACD98-6780-47AE-A7D2-C508D68F9185}.Release|Any CPU.Build.0 = Release|Any CPU
		{AA22E335-C830-44AE-98A5-B25806D63D0E}.Debug|Any CPU.ActiveCfg = Debug|Any CPU
		{AA22E335-C830-44AE-98A5-B25806D63D0E}.Debug|Any CPU.Build.0 = Debug|Any CPU
		{AA22E335-C830-44AE-98A5-B25806D63D0E}.Release|Any CPU.ActiveCfg = Release|Any CPU
		{AA22E335-C830-44AE-98A5-B25806D63D0E}.Release|Any CPU.Build.0 = Release|Any CPU
	EndGlobalSection
	GlobalSection(SolutionProperties) = preSolution
		HideSolutionNode = FALSE
	EndGlobalSection
	GlobalSection(ExtensibilityGlobals) = postSolution
		SolutionGuid = {BEAB309D-47FE-42EC-B24A-BF348C654FFF}
	EndGlobalSection
EndGlobal
